
Microsoft Visual Studio Solution File, Format Version 12.00
# Visual Studio Version 16
VisualStudioVersion = 16.0.31105.61
MinimumVisualStudioVersion = 10.0.40219.1
Project("{FAE04EC0-301F-11D3-BF4B-00C04F79EFBC}") = "DDACLocalFarmerProduce", "DDACLocalFarmerProduce\DDACLocalFarmerProduce.csproj", "{503E5375-F3C9-4954-869E-1D12F99866D9}"
EndProject
Global
	GlobalSection(SolutionConfigurationPlatforms) = preSolution
		Debug|Any CPU = Debug|Any CPU
		Release|Any CPU = Release|Any CPU
	EndGlobalSection
	GlobalSection(ProjectConfigurationPlatforms) = postSolution
		{503E5375-F3C9-4954-869E-1D12F99866D9}.Debug|Any CPU.ActiveCfg = Debug|Any CPU
		{503E5375-F3C9-4954-869E-1D12F99866D9}.Debug|Any CPU.Build.0 = Debug|Any CPU
		{503E5375-F3C9-4954-869E-1D12F99866D9}.Release|Any CPU.ActiveCfg = Release|Any CPU
		{503E5375-F3C9-4954-869E-1D12F99866D9}.Release|Any CPU.Build.0 = Release|Any CPU
	EndGlobalSection
	GlobalSection(SolutionProperties) = preSolution
		HideSolutionNode = FALSE
	EndGlobalSection
	GlobalSection(ExtensibilityGlobals) = postSolution
		SolutionGuid = {6267664A-81D1-4680-853A-4DD80464AF13}
	EndGlobalSection
EndGlobal
